
Microsoft Visual Studio Solution File, Format Version 12.00
# Visual Studio 15
VisualStudioVersion = 15.0.27004.2009
MinimumVisualStudioVersion = 10.0.40219.1
Project("{FAE04EC0-301F-11D3-BF4B-00C04F79EFBC}") = "KerverosDemo.Data", "KerverosDemo.Data\KerverosDemo.Data.csproj", "{37292217-91C7-41EA-974D-3548E0A187D1}"
EndProject
Project("{FAE04EC0-301F-11D3-BF4B-00C04F79EFBC}") = "KerverosDemo.Entities", "KerverosDemo.Entities\KerverosDemo.Entities.csproj", "{13B271FF-4592-4262-A053-4F66C24A7F79}"
EndProject
Project("{FAE04EC0-301F-11D3-BF4B-00C04F79EFBC}") = "KerverosDemo.Data.Common", "KerverosDemo.Data.Common\KerverosDemo.Data.Common.csproj", "{81F06C63-B903-4BDF-947B-9F0D92075E9F}"
EndProject
Project("{FAE04EC0-301F-11D3-BF4B-00C04F79EFBC}") = "KerverosDemo.Core", "KerverosDemo.Core\KerverosDemo.Core.csproj", "{014CEF65-02A3-4951-885D-C2B7F7D38FBA}"
EndProject
Project("{FAE04EC0-301F-11D3-BF4B-00C04F79EFBC}") = "KerverosDemo.Receivers", "KerverosDemo.Receivers\KerverosDemo.Receivers.csproj", "{DFC42CC4-C31A-4E04-B553-97AAFD3D1059}"
EndProject
Project("{FAE04EC0-301F-11D3-BF4B-00C04F79EFBC}") = "KerverosDemo.Receivers.Common", "KerverosDemo.Receivers.Common\KerverosDemo.Receivers.Common.csproj", "{6C91C744-4610-4C51-85CF-BD0A0191F7D9}"
EndProject
Project("{FAE04EC0-301F-11D3-BF4B-00C04F79EFBC}") = "KerverosDemo.Data.Tests", "KerverosDemo.Data.Tests\KerverosDemo.Data.Tests.csproj", "{52EC3128-FA68-4E22-9BF0-4381B2AB3300}"
EndProject
Project("{FAE04EC0-301F-11D3-BF4B-00C04F79EFBC}") = "KerverosDemo.UI", "KerverosDemo.UI\KerverosDemo.UI.csproj", "{A61B865B-5971-40AB-B539-B995CD8D0317}"
EndProject
Project("{FAE04EC0-301F-11D3-BF4B-00C04F79EFBC}") = "KerverosDemo.UI.Common", "KerverosDemo.UI.Common\KerverosDemo.UI.Common.csproj", "{08D63EC1-9806-46C7-ACE0-F439F64D9762}"
EndProject
Project("{FAE04EC0-301F-11D3-BF4B-00C04F79EFBC}") = "KerverosDemo.Services", "KerverosDemo.Services\KerverosDemo.Services.csproj", "{628BE295-FB1A-48EA-BCFA-0C8E409AD6ED}"
EndProject
Project("{FAE04EC0-301F-11D3-BF4B-00C04F79EFBC}") = "KerverosDemo.WebApp", "WebApplication1\KerverosDemo.WebApp.csproj", "{508AE66D-1A1D-4C92-9318-629B3376F47A}"
EndProject
Global
	GlobalSection(SolutionConfigurationPlatforms) = preSolution
		Debug|Any CPU = Debug|Any CPU
		Debug|ARM = Debug|ARM
		Debug|x64 = Debug|x64
		Debug|x86 = Debug|x86
		Release|Any CPU = Release|Any CPU
		Release|ARM = Release|ARM
		Release|x64 = Release|x64
		Release|x86 = Release|x86
	EndGlobalSection
	GlobalSection(ProjectConfigurationPlatforms) = postSolution
		{37292217-91C7-41EA-974D-3548E0A187D1}.Debug|Any CPU.ActiveCfg = Debug|Any CPU
		{37292217-91C7-41EA-974D-3548E0A187D1}.Debug|Any CPU.Build.0 = Debug|Any CPU
		{37292217-91C7-41EA-974D-3548E0A187D1}.Debug|ARM.ActiveCfg = Debug|Any CPU
		{37292217-91C7-41EA-974D-3548E0A187D1}.Debug|ARM.Build.0 = Debug|Any CPU
		{37292217-91C7-41EA-974D-3548E0A187D1}.Debug|x64.ActiveCfg = Debug|Any CPU
		{37292217-91C7-41EA-974D-3548E0A187D1}.Debug|x64.Build.0 = Debug|Any CPU
		{37292217-91C7-41EA-974D-3548E0A187D1}.Debug|x86.ActiveCfg = Debug|Any CPU
		{37292217-91C7-41EA-974D-3548E0A187D1}.Debug|x86.Build.0 = Debug|Any CPU
		{37292217-91C7-41EA-974D-3548E0A187D1}.Release|Any CPU.ActiveCfg = Release|Any CPU
		{37292217-91C7-41EA-974D-3548E0A187D1}.Release|Any CPU.Build.0 = Release|Any CPU
		{37292217-91C7-41EA-974D-3548E0A187D1}.Release|ARM.ActiveCfg = Release|Any CPU
		{37292217-91C7-41EA-974D-3548E0A187D1}.Release|ARM.Build.0 = Release|Any CPU
		{37292217-91C7-41EA-974D-3548E0A187D1}.Release|x64.ActiveCfg = Release|Any CPU
		{37292217-91C7-41EA-974D-3548E0A187D1}.Release|x64.Build.0 = Release|Any CPU
		{37292217-91C7-41EA-974D-3548E0A187D1}.Release|x86.ActiveCfg = Release|Any CPU
		{37292217-91C7-41EA-974D-3548E0A187D1}.Release|x86.Build.0 = Release|Any CPU
		{13B271FF-4592-4262-A053-4F66C24A7F79}.Debug|Any CPU.ActiveCfg = Debug|Any CPU
		{13B271FF-4592-4262-A053-4F66C24A7F79}.Debug|Any CPU.Build.0 = Debug|Any CPU
		{13B271FF-4592-4262-A053-4F66C24A7F79}.Debug|ARM.ActiveCfg = Debug|Any CPU
		{13B271FF-4592-4262-A053-4F66C24A7F79}.Debug|ARM.Build.0 = Debug|Any CPU
		{13B271FF-4592-4262-A053-4F66C24A7F79}.Debug|x64.ActiveCfg = Debug|Any CPU
		{13B271FF-4592-4262-A053-4F66C24A7F79}.Debug|x64.Build.0 = Debug|Any CPU
		{13B271FF-4592-4262-A053-4F66C24A7F79}.Debug|x86.ActiveCfg = Debug|Any CPU
		{13B271FF-4592-4262-A053-4F66C24A7F79}.Debug|x86.Build.0 = Debug|Any CPU
		{13B271FF-4592-4262-A053-4F66C24A7F79}.Release|Any CPU.ActiveCfg = Release|Any CPU
		{13B271FF-4592-4262-A053-4F66C24A7F79}.Release|Any CPU.Build.0 = Release|Any CPU
		{13B271FF-4592-4262-A053-4F66C24A7F79}.Release|ARM.ActiveCfg = Release|Any CPU
		{13B271FF-4592-4262-A053-4F66C24A7F79}.Release|ARM.Build.0 = Release|Any CPU
		{13B271FF-4592-4262-A053-4F66C24A7F79}.Release|x64.ActiveCfg = Release|Any CPU
		{13B271FF-4592-4262-A053-4F66C24A7F79}.Release|x64.Build.0 = Release|Any CPU
		{13B271FF-4592-4262-A053-4F66C24A7F79}.Release|x86.ActiveCfg = Release|Any CPU
		{13B271FF-4592-4262-A053-4F66C24A7F79}.Release|x86.Build.0 = Release|Any CPU
		{81F06C63-B903-4BDF-947B-9F0D92075E9F}.Debug|Any CPU.ActiveCfg = Debug|Any CPU
		{81F06C63-B903-4BDF-947B-9F0D92075E9F}.Debug|Any CPU.Build.0 = Debug|Any CPU
		{81F06C63-B903-4BDF-947B-9F0D92075E9F}.Debug|ARM.ActiveCfg = Debug|Any CPU
		{81F06C63-B903-4BDF-947B-9F0D92075E9F}.Debug|ARM.Build.0 = Debug|Any CPU
		{81F06C63-B903-4BDF-947B-9F0D92075E9F}.Debug|x64.ActiveCfg = Debug|Any CPU
		{81F06C63-B903-4BDF-947B-9F0D92075E9F}.Debug|x64.Build.0 = Debug|Any CPU
		{81F06C63-B903-4BDF-947B-9F0D92075E9F}.Debug|x86.ActiveCfg = Debug|Any CPU
		{81F06C63-B903-4BDF-947B-9F0D92075E9F}.Debug|x86.Build.0 = Debug|Any CPU
		{81F06C63-B903-4BDF-947B-9F0D92075E9F}.Release|Any CPU.ActiveCfg = Release|Any CPU
		{81F06C63-B903-4BDF-947B-9F0D92075E9F}.Release|Any CPU.Build.0 = Release|Any CPU
		{81F06C63-B903-4BDF-947B-9F0D92075E9F}.Release|ARM.ActiveCfg = Release|Any CPU
		{81F06C63-B903-4BDF-947B-9F0D92075E9F}.Release|ARM.Build.0 = Release|Any CPU
		{81F06C63-B903-4BDF-947B-9F0D92075E9F}.Release|x64.ActiveCfg = Release|Any CPU
		{81F06C63-B903-4BDF-947B-9F0D92075E9F}.Release|x64.Build.0 = Release|Any CPU
		{81F06C63-B903-4BDF-947B-9F0D92075E9F}.Release|x86.ActiveCfg = Release|Any CPU
		{81F06C63-B903-4BDF-947B-9F0D92075E9F}.Release|x86.Build.0 = Release|Any CPU
		{014CEF65-02A3-4951-885D-C2B7F7D38FBA}.Debug|Any CPU.ActiveCfg = Debug|Any CPU
		{014CEF65-02A3-4951-885D-C2B7F7D38FBA}.Debug|Any CPU.Build.0 = Debug|Any CPU
		{014CEF65-02A3-4951-885D-C2B7F7D38FBA}.Debug|ARM.ActiveCfg = Debug|Any CPU
		{014CEF65-02A3-4951-885D-C2B7F7D38FBA}.Debug|ARM.Build.0 = Debug|Any CPU
		{014CEF65-02A3-4951-885D-C2B7F7D38FBA}.Debug|x64.ActiveCfg = Debug|Any CPU
		{014CEF65-02A3-4951-885D-C2B7F7D38FBA}.Debug|x64.Build.0 = Debug|Any CPU
		{014CEF65-02A3-4951-885D-C2B7F7D38FBA}.Debug|x86.ActiveCfg = Debug|Any CPU
		{014CEF65-02A3-4951-885D-C2B7F7D38FBA}.Debug|x86.Build.0 = Debug|Any CPU
		{014CEF65-02A3-4951-885D-C2B7F7D38FBA}.Release|Any CPU.ActiveCfg = Release|Any CPU
		{014CEF65-02A3-4951-885D-C2B7F7D38FBA}.Release|Any CPU.Build.0 = Release|Any CPU
		{014CEF65-02A3-4951-885D-C2B7F7D38FBA}.Release|ARM.ActiveCfg = Release|Any CPU
		{014CEF65-02A3-4951-885D-C2B7F7D38FBA}.Release|ARM.Build.0 = Release|Any CPU
		{014CEF65-02A3-4951-885D-C2B7F7D38FBA}.Release|x64.ActiveCfg = Release|Any CPU
		{014CEF65-02A3-4951-885D-C2B7F7D38FBA}.Release|x64.Build.0 = Release|Any CPU
		{014CEF65-02A3-4951-885D-C2B7F7D38FBA}.Release|x86.ActiveCfg = Release|Any CPU
		{014CEF65-02A3-4951-885D-C2B7F7D38FBA}.Release|x86.Build.0 = Release|Any CPU
		{DFC42CC4-C31A-4E04-B553-97AAFD3D1059}.Debug|Any CPU.ActiveCfg = Debug|Any CPU
		{DFC42CC4-C31A-4E04-B553-97AAFD3D1059}.Debug|Any CPU.Build.0 = Debug|Any CPU
		{DFC42CC4-C31A-4E04-B553-97AAFD3D1059}.Debug|ARM.ActiveCfg = Debug|Any CPU
		{DFC42CC4-C31A-4E04-B553-97AAFD3D1059}.Debug|ARM.Build.0 = Debug|Any CPU
		{DFC42CC4-C31A-4E04-B553-97AAFD3D1059}.Debug|x64.ActiveCfg = Debug|Any CPU
		{DFC42CC4-C31A-4E04-B553-97AAFD3D1059}.Debug|x64.Build.0 = Debug|Any CPU
		{DFC42CC4-C31A-4E04-B553-97AAFD3D1059}.Debug|x86.ActiveCfg = Debug|Any CPU
		{DFC42CC4-C31A-4E04-B553-97AAFD3D1059}.Debug|x86.Build.0 = Debug|Any CPU
		{DFC42CC4-C31A-4E04-B553-97AAFD3D1059}.Release|Any CPU.ActiveCfg = Release|Any CPU
		{DFC42CC4-C31A-4E04-B553-97AAFD3D1059}.Release|Any CPU.Build.0 = Release|Any CPU
		{DFC42CC4-C31A-4E04-B553-97AAFD3D1059}.Release|ARM.ActiveCfg = Release|Any CPU
		{DFC42CC4-C31A-4E04-B553-97AAFD3D1059}.Release|ARM.Build.0 = Release|Any CPU
		{DFC42CC4-C31A-4E04-B553-97AAFD3D1059}.Release|x64.ActiveCfg = Release|Any CPU
		{DFC42CC4-C31A-4E04-B553-97AAFD3D1059}.Release|x64.Build.0 = Release|Any CPU
		{DFC42CC4-C31A-4E04-B553-97AAFD3D1059}.Release|x86.ActiveCfg = Release|Any CPU
		{DFC42CC4-C31A-4E04-B553-97AAFD3D1059}.Release|x86.Build.0 = Release|Any CPU
		{6C91C744-4610-4C51-85CF-BD0A0191F7D9}.Debug|Any CPU.ActiveCfg = Debug|Any CPU
		{6C91C744-4610-4C51-85CF-BD0A0191F7D9}.Debug|Any CPU.Build.0 = Debug|Any CPU
		{6C91C744-4610-4C51-85CF-BD0A0191F7D9}.Debug|ARM.ActiveCfg = Debug|Any CPU
		{6C91C744-4610-4C51-85CF-BD0A0191F7D9}.Debug|ARM.Build.0 = Debug|Any CPU
		{6C91C744-4610-4C51-85CF-BD0A0191F7D9}.Debug|x64.ActiveCfg = Debug|Any CPU
		{6C91C744-4610-4C51-85CF-BD0A0191F7D9}.Debug|x64.Build.0 = Debug|Any CPU
		{6C91C744-4610-4C51-85CF-BD0A0191F7D9}.Debug|x86.ActiveCfg = Debug|Any CPU
		{6C91C744-4610-4C51-85CF-BD0A0191F7D9}.Debug|x86.Build.0 = Debug|Any CPU
		{6C91C744-4610-4C51-85CF-BD0A0191F7D9}.Release|Any CPU.ActiveCfg = Release|Any CPU
		{6C91C744-4610-4C51-85CF-BD0A0191F7D9}.Release|Any CPU.Build.0 = Release|Any CPU
		{6C91C744-4610-4C51-85CF-BD0A0191F7D9}.Release|ARM.ActiveCfg = Release|Any CPU
		{6C91C744-4610-4C51-85CF-BD0A0191F7D9}.Release|ARM.Build.0 = Release|Any CPU
		{6C91C744-4610-4C51-85CF-BD0A0191F7D9}.Release|x64.ActiveCfg = Release|Any CPU
		{6C91C744-4610-4C51-85CF-BD0A0191F7D9}.Release|x64.Build.0 = Release|Any CPU
		{6C91C744-4610-4C51-85CF-BD0A0191F7D9}.Release|x86.ActiveCfg = Release|Any CPU
		{6C91C744-4610-4C51-85CF-BD0A0191F7D9}.Release|x86.Build.0 = Release|Any CPU
		{52EC3128-FA68-4E22-9BF0-4381B2AB3300}.Debug|Any CPU.ActiveCfg = Debug|Any CPU
		{52EC3128-FA68-4E22-9BF0-4381B2AB3300}.Debug|Any CPU.Build.0 = Debug|Any CPU
		{52EC3128-FA68-4E22-9BF0-4381B2AB3300}.Debug|ARM.ActiveCfg = Debug|Any CPU
		{52EC3128-FA68-4E22-9BF0-4381B2AB3300}.Debug|ARM.Build.0 = Debug|Any CPU
		{52EC3128-FA68-4E22-9BF0-4381B2AB3300}.Debug|x64.ActiveCfg = Debug|Any CPU
		{52EC3128-FA68-4E22-9BF0-4381B2AB3300}.Debug|x64.Build.0 = Debug|Any CPU
		{52EC3128-FA68-4E22-9BF0-4381B2AB3300}.Debug|x86.ActiveCfg = Debug|Any CPU
		{52EC3128-FA68-4E22-9BF0-4381B2AB3300}.Debug|x86.Build.0 = Debug|Any CPU
		{52EC3128-FA68-4E22-9BF0-4381B2AB3300}.Release|Any CPU.ActiveCfg = Release|Any CPU
		{52EC3128-FA68-4E22-9BF0-4381B2AB3300}.Release|Any CPU.Build.0 = Release|Any CPU
		{52EC3128-FA68-4E22-9BF0-4381B2AB3300}.Release|ARM.ActiveCfg = Release|Any CPU
		{52EC3128-FA68-4E22-9BF0-4381B2AB3300}.Release|ARM.Build.0 = Release|Any CPU
		{52EC3128-FA68-4E22-9BF0-4381B2AB3300}.Release|x64.ActiveCfg = Release|Any CPU
		{52EC3128-FA68-4E22-9BF0-4381B2AB3300}.Release|x64.Build.0 = Release|Any CPU
		{52EC3128-FA68-4E22-9BF0-4381B2AB3300}.Release|x86.ActiveCfg = Release|Any CPU
		{52EC3128-FA68-4E22-9BF0-4381B2AB3300}.Release|x86.Build.0 = Release|Any CPU
		{A61B865B-5971-40AB-B539-B995CD8D0317}.Debug|Any CPU.ActiveCfg = Debug|Any CPU
		{A61B865B-5971-40AB-B539-B995CD8D0317}.Debug|Any CPU.Build.0 = Debug|Any CPU
		{A61B865B-5971-40AB-B539-B995CD8D0317}.Debug|ARM.ActiveCfg = Debug|Any CPU
		{A61B865B-5971-40AB-B539-B995CD8D0317}.Debug|ARM.Build.0 = Debug|Any CPU
		{A61B865B-5971-40AB-B539-B995CD8D0317}.Debug|x64.ActiveCfg = Debug|Any CPU
		{A61B865B-5971-40AB-B539-B995CD8D0317}.Debug|x64.Build.0 = Debug|Any CPU
		{A61B865B-5971-40AB-B539-B995CD8D0317}.Debug|x86.ActiveCfg = Debug|Any CPU
		{A61B865B-5971-40AB-B539-B995CD8D0317}.Debug|x86.Build.0 = Debug|Any CPU
		{A61B865B-5971-40AB-B539-B995CD8D0317}.Release|Any CPU.ActiveCfg = Release|Any CPU
		{A61B865B-5971-40AB-B539-B995CD8D0317}.Release|Any CPU.Build.0 = Release|Any CPU
		{A61B865B-5971-40AB-B539-B995CD8D0317}.Release|ARM.ActiveCfg = Release|Any CPU
		{A61B865B-5971-40AB-B539-B995CD8D0317}.Release|ARM.Build.0 = Release|Any CPU
		{A61B865B-5971-40AB-B539-B995CD8D0317}.Release|x64.ActiveCfg = Release|Any CPU
		{A61B865B-5971-40AB-B539-B995CD8D0317}.Release|x64.Build.0 = Release|Any CPU
		{A61B865B-5971-40AB-B539-B995CD8D0317}.Release|x86.ActiveCfg = Release|Any CPU
		{A61B865B-5971-40AB-B539-B995CD8D0317}.Release|x86.Build.0 = Release|Any CPU
		{08D63EC1-9806-46C7-ACE0-F439F64D9762}.Debug|Any CPU.ActiveCfg = Debug|Any CPU
		{08D63EC1-9806-46C7-ACE0-F439F64D9762}.Debug|Any CPU.Build.0 = Debug|Any CPU
		{08D63EC1-9806-46C7-ACE0-F439F64D9762}.Debug|ARM.ActiveCfg = Debug|Any CPU
		{08D63EC1-9806-46C7-ACE0-F439F64D9762}.Debug|ARM.Build.0 = Debug|Any CPU
		{08D63EC1-9806-46C7-ACE0-F439F64D9762}.Debug|x64.ActiveCfg = Debug|Any CPU
		{08D63EC1-9806-46C7-ACE0-F439F64D9762}.Debug|x64.Build.0 = Debug|Any CPU
		{08D63EC1-9806-46C7-ACE0-F439F64D9762}.Debug|x86.ActiveCfg = Debug|Any CPU
		{08D63EC1-9806-46C7-ACE0-F439F64D9762}.Debug|x86.Build.0 = Debug|Any CPU
		{08D63EC1-9806-46C7-ACE0-F439F64D9762}.Release|Any CPU.ActiveCfg = Release|Any CPU
		{08D63EC1-9806-46C7-ACE0-F439F64D9762}.Release|Any CPU.Build.0 = Release|Any CPU
		{08D63EC1-9806-46C7-ACE0-F439F64D9762}.Release|ARM.ActiveCfg = Release|Any CPU
		{08D63EC1-9806-46C7-ACE0-F439F64D9762}.Release|ARM.Build.0 = Release|Any CPU
		{08D63EC1-9806-46C7-ACE0-F439F64D9762}.Release|x64.ActiveCfg = Release|Any CPU
		{08D63EC1-9806-46C7-ACE0-F439F64D9762}.Release|x64.Build.0 = Release|Any CPU
		{08D63EC1-9806-46C7-ACE0-F439F64D9762}.Release|x86.ActiveCfg = Release|Any CPU
		{08D63EC1-9806-46C7-ACE0-F439F64D9762}.Release|x86.Build.0 = Release|Any CPU
		{628BE295-FB1A-48EA-BCFA-0C8E409AD6ED}.Debug|Any CPU.ActiveCfg = Debug|Any CPU
		{628BE295-FB1A-48EA-BCFA-0C8E409AD6ED}.Debug|Any CPU.Build.0 = Debug|Any CPU
		{628BE295-FB1A-48EA-BCFA-0C8E409AD6ED}.Debug|ARM.ActiveCfg = Debug|Any CPU
		{628BE295-FB1A-48EA-BCFA-0C8E409AD6ED}.Debug|ARM.Build.0 = Debug|Any CPU
		{628BE295-FB1A-48EA-BCFA-0C8E409AD6ED}.Debug|x64.ActiveCfg = Debug|Any CPU
		{628BE295-FB1A-48EA-BCFA-0C8E409AD6ED}.Debug|x64.Build.0 = Debug|Any CPU
		{628BE295-FB1A-48EA-BCFA-0C8E409AD6ED}.Debug|x86.ActiveCfg = Debug|Any CPU
		{628BE295-FB1A-48EA-BCFA-0C8E409AD6ED}.Debug|x86.Build.0 = Debug|Any CPU
		{628BE295-FB1A-48EA-BCFA-0C8E409AD6ED}.Release|Any CPU.ActiveCfg = Release|Any CPU
		{628BE295-FB1A-48EA-BCFA-0C8E409AD6ED}.Release|Any CPU.Build.0 = Release|Any CPU
		{628BE295-FB1A-48EA-BCFA-0C8E409AD6ED}.Release|ARM.ActiveCfg = Release|Any CPU
		{628BE295-FB1A-48EA-BCFA-0C8E409AD6ED}.Release|ARM.Build.0 = Release|Any CPU
		{628BE295-FB1A-48EA-BCFA-0C8E409AD6ED}.Release|x64.ActiveCfg = Release|Any CPU
		{628BE295-FB1A-48EA-BCFA-0C8E409AD6ED}.Release|x64.Build.0 = Release|Any CPU
		{628BE295-FB1A-48EA-BCFA-0C8E409AD6ED}.Release|x86.ActiveCfg = Release|Any CPU
		{628BE295-FB1A-48EA-BCFA-0C8E409AD6ED}.Release|x86.Build.0 = Release|Any CPU
		{508AE66D-1A1D-4C92-9318-629B3376F47A}.Debug|Any CPU.ActiveCfg = Debug|Any CPU
		{508AE66D-1A1D-4C92-9318-629B3376F47A}.Debug|Any CPU.Build.0 = Debug|Any CPU
		{508AE66D-1A1D-4C92-9318-629B3376F47A}.Debug|ARM.ActiveCfg = Debug|Any CPU
		{508AE66D-1A1D-4C92-9318-629B3376F47A}.Debug|ARM.Build.0 = Debug|Any CPU
		{508AE66D-1A1D-4C92-9318-629B3376F47A}.Debug|x64.ActiveCfg = Debug|Any CPU
		{508AE66D-1A1D-4C92-9318-629B3376F47A}.Debug|x64.Build.0 = Debug|Any CPU
		{508AE66D-1A1D-4C92-9318-629B3376F47A}.Debug|x86.ActiveCfg = Debug|Any CPU
		{508AE66D-1A1D-4C92-9318-629B3376F47A}.Debug|x86.Build.0 = Debug|Any CPU
		{508AE66D-1A1D-4C92-9318-629B3376F47A}.Release|Any CPU.ActiveCfg = Release|Any CPU
		{508AE66D-1A1D-4C92-9318-629B3376F47A}.Release|Any CPU.Build.0 = Release|Any CPU
		{508AE66D-1A1D-4C92-9318-629B3376F47A}.Release|ARM.ActiveCfg = Release|Any CPU
		{508AE66D-1A1D-4C92-9318-629B3376F47A}.Release|ARM.Build.0 = Release|Any CPU
		{508AE66D-1A1D-4C92-9318-629B3376F47A}.Release|x64.ActiveCfg = Release|Any CPU
		{508AE66D-1A1D-4C92-9318-629B3376F47A}.Release|x64.Build.0 = Release|Any CPU
		{508AE66D-1A1D-4C92-9318-629B3376F47A}.Release|x86.ActiveCfg = Release|Any CPU
		{508AE66D-1A1D-4C92-9318-629B3376F47A}.Release|x86.Build.0 = Release|Any CPU
	EndGlobalSection
	GlobalSection(SolutionProperties) = preSolution
		HideSolutionNode = FALSE
	EndGlobalSection
	GlobalSection(ExtensibilityGlobals) = postSolution
		SolutionGuid = {B858DD2E-318B-4376-953D-664047907E04}
	EndGlobalSection
EndGlobal
